
Microsoft Visual Studio Solution File, Format Version 12.00
# Visual Studio Version 17
VisualStudioVersion = 17.1.32228.430
MinimumVisualStudioVersion = 10.0.40219.1
Project("{FAE04EC0-301F-11D3-BF4B-00C04F79EFBC}") = "Microsoft.ApplicationBlocks.Data", "Microsoft.ApplicationBlocks.Data\Microsoft.ApplicationBlocks.Data.csproj", "{5D77C440-B14E-4F69-B0FA-55492103B928}"
EndProject
Project("{FAE04EC0-301F-11D3-BF4B-00C04F79EFBC}") = "BusinessEntity", "BusinessEntity\BusinessEntity.csproj", "{200EB34E-61C4-4522-A273-B2E8A481145E}"
EndProject
Project("{FAE04EC0-301F-11D3-BF4B-00C04F79EFBC}") = "BusinessLayer", "BusinessLayer\BusinessLayer.csproj", "{ED63917E-9A18-4AE4-B88F-08C157C1F1C9}"
EndProject
Project("{FAE04EC0-301F-11D3-BF4B-00C04F79EFBC}") = "DataLayer", "DataLayer\DataLayer.csproj", "{E7E5F494-2EF3-43A4-8978-0AF50FE34D0A}"
EndProject
Project("{FAE04EC0-301F-11D3-BF4B-00C04F79EFBC}") = "ACHBAL", "ACHBAL\ACHBAL.csproj", "{4737E0CA-2DE1-4921-85E6-34BE4FAA7FCE}"
EndProject
Project("{FAE04EC0-301F-11D3-BF4B-00C04F79EFBC}") = "ReportLayer", "ReportLayer\ReportLayer.csproj", "{868941A7-9C70-460D-BF9F-75C78F85807A}"
EndProject
Project("{FAE04EC0-301F-11D3-BF4B-00C04F79EFBC}") = "MOMWebApp", "MOMWebApp\MOMWebApp.csproj", "{D9717186-61CB-4120-B68C-A5970DBAA84E}"
EndProject
Project("{FAE04EC0-301F-11D3-BF4B-00C04F79EFBC}") = "TelerikGantt", "BryntumGantt\TelerikGantt.csproj", "{B4848B5E-6CF8-4F8F-BA9D-32ABF6DD914C}"
EndProject
Global
	GlobalSection(SolutionConfigurationPlatforms) = preSolution
		Debug|Any CPU = Debug|Any CPU
		Release|Any CPU = Release|Any CPU
	EndGlobalSection
	GlobalSection(ProjectConfigurationPlatforms) = postSolution
		{5D77C440-B14E-4F69-B0FA-55492103B928}.Debug|Any CPU.ActiveCfg = Debug|Any CPU
		{5D77C440-B14E-4F69-B0FA-55492103B928}.Debug|Any CPU.Build.0 = Debug|Any CPU
		{5D77C440-B14E-4F69-B0FA-55492103B928}.Release|Any CPU.ActiveCfg = Release|Any CPU
		{5D77C440-B14E-4F69-B0FA-55492103B928}.Release|Any CPU.Build.0 = Release|Any CPU
		{200EB34E-61C4-4522-A273-B2E8A481145E}.Debug|Any CPU.ActiveCfg = Debug|Any CPU
		{200EB34E-61C4-4522-A273-B2E8A481145E}.Debug|Any CPU.Build.0 = Debug|Any CPU
		{200EB34E-61C4-4522-A273-B2E8A481145E}.Release|Any CPU.ActiveCfg = Release|Any CPU
		{200EB34E-61C4-4522-A273-B2E8A481145E}.Release|Any CPU.Build.0 = Release|Any CPU
		{ED63917E-9A18-4AE4-B88F-08C157C1F1C9}.Debug|Any CPU.ActiveCfg = Debug|Any CPU
		{ED63917E-9A18-4AE4-B88F-08C157C1F1C9}.Debug|Any CPU.Build.0 = Debug|Any CPU
		{ED63917E-9A18-4AE4-B88F-08C157C1F1C9}.Release|Any CPU.ActiveCfg = Release|Any CPU
		{ED63917E-9A18-4AE4-B88F-08C157C1F1C9}.Release|Any CPU.Build.0 = Release|Any CPU
		{E7E5F494-2EF3-43A4-8978-0AF50FE34D0A}.Debug|Any CPU.ActiveCfg = Debug|Any CPU
		{E7E5F494-2EF3-43A4-8978-0AF50FE34D0A}.Debug|Any CPU.Build.0 = Debug|Any CPU
		{E7E5F494-2EF3-43A4-8978-0AF50FE34D0A}.Release|Any CPU.ActiveCfg = Release|Any CPU
		{E7E5F494-2EF3-43A4-8978-0AF50FE34D0A}.Release|Any CPU.Build.0 = Release|Any CPU
		{4737E0CA-2DE1-4921-85E6-34BE4FAA7FCE}.Debug|Any CPU.ActiveCfg = Debug|Any CPU
		{4737E0CA-2DE1-4921-85E6-34BE4FAA7FCE}.Debug|Any CPU.Build.0 = Debug|Any CPU
		{4737E0CA-2DE1-4921-85E6-34BE4FAA7FCE}.Release|Any CPU.ActiveCfg = Release|Any CPU
		{4737E0CA-2DE1-4921-85E6-34BE4FAA7FCE}.Release|Any CPU.Build.0 = Release|Any CPU
		{868941A7-9C70-460D-BF9F-75C78F85807A}.Debug|Any CPU.ActiveCfg = Debug|Any CPU
		{868941A7-9C70-460D-BF9F-75C78F85807A}.Debug|Any CPU.Build.0 = Debug|Any CPU
		{868941A7-9C70-460D-BF9F-75C78F85807A}.Release|Any CPU.ActiveCfg = Release|Any CPU
		{868941A7-9C70-460D-BF9F-75C78F85807A}.Release|Any CPU.Build.0 = Release|Any CPU
		{D9717186-61CB-4120-B68C-A5970DBAA84E}.Debug|Any CPU.ActiveCfg = Debug|Any CPU
		{D9717186-61CB-4120-B68C-A5970DBAA84E}.Debug|Any CPU.Build.0 = Debug|Any CPU
		{D9717186-61CB-4120-B68C-A5970DBAA84E}.Release|Any CPU.ActiveCfg = Release|Any CPU
		{D9717186-61CB-4120-B68C-A5970DBAA84E}.Release|Any CPU.Build.0 = Release|Any CPU
		{B4848B5E-6CF8-4F8F-BA9D-32ABF6DD914C}.Debug|Any CPU.ActiveCfg = Debug|Any CPU
		{B4848B5E-6CF8-4F8F-BA9D-32ABF6DD914C}.Debug|Any CPU.Build.0 = Debug|Any CPU
		{B4848B5E-6CF8-4F8F-BA9D-32ABF6DD914C}.Release|Any CPU.ActiveCfg = Release|Any CPU
		{B4848B5E-6CF8-4F8F-BA9D-32ABF6DD914C}.Release|Any CPU.Build.0 = Release|Any CPU
	EndGlobalSection
	GlobalSection(SolutionProperties) = preSolution
		HideSolutionNode = FALSE
	EndGlobalSection
	GlobalSection(ExtensibilityGlobals) = postSolution
		SolutionGuid = {BB9807A8-C64E-4CFC-AA14-6D451A7B1DA7}
	EndGlobalSection
EndGlobal
